// !$*UTF8*$!
{
	archiveVersion = 1;
	classes = {
	};
	objectVersion = 50;
	objects = {

/* Begin PBXBuildFile section */
		D4EDA89B2498840E008BBA93 /* AppDelegate.swift in Sources */ = {isa = PBXBuildFile; fileRef = D4EDA89A2498840E008BBA93 /* AppDelegate.swift */; };
		D4EDA89D2498840E008BBA93 /* SceneDelegate.swift in Sources */ = {isa = PBXBuildFile; fileRef = D4EDA89C2498840E008BBA93 /* SceneDelegate.swift */; };
		D4EDA89F2498840E008BBA93 /* ViewController.swift in Sources */ = {isa = PBXBuildFile; fileRef = D4EDA89E2498840E008BBA93 /* ViewController.swift */; };
		D4EDA8A22498840E008BBA93 /* Main.storyboard in Resources */ = {isa = PBXBuildFile; fileRef = D4EDA8A02498840E008BBA93 /* Main.storyboard */; };
		D4EDA8A424988410008BBA93 /* Assets.xcassets in Resources */ = {isa = PBXBuildFile; fileRef = D4EDA8A324988410008BBA93 /* Assets.xcassets */; };
		D4EDA8A724988410008BBA93 /* LaunchScreen.storyboard in Resources */ = {isa = PBXBuildFile; fileRef = D4EDA8A524988410008BBA93 /* LaunchScreen.storyboard */; };
		D4EDA8B224988410008BBA93 /* CalculatorAppTests.swift in Sources */ = {isa = PBXBuildFile; fileRef = D4EDA8B124988410008BBA93 /* CalculatorAppTests.swift */; };
		D4EDA8BD24988410008BBA93 /* CalculatorAppUITests.swift in Sources */ = {isa = PBXBuildFile; fileRef = D4EDA8BC24988410008BBA93 /* CalculatorAppUITests.swift */; };
		D4EDA8CB2498851C008BBA93 /* RoundButton.swift in Sources */ = {isa = PBXBuildFile; fileRef = D4EDA8CA2498851C008BBA93 /* RoundButton.swift */; };
/* End PBXBuildFile section */

/* Begin PBXContainerItemProxy section */
		D4EDA8AE24988410008BBA93 /* PBXContainerItemProxy */ = {
			isa = PBXContainerItemProxy;
			containerPortal = D4EDA88F2498840E008BBA93 /* Project object */;
			proxyType = 1;
			remoteGlobalIDString = D4EDA8962498840E008BBA93;
			remoteInfo = CalculatorApp;
		};
		D4EDA8B924988410008BBA93 /* PBXContainerItemProxy */ = {
			isa = PBXContainerItemProxy;
			containerPortal = D4EDA88F2498840E008BBA93 /* Project object */;
			proxyType = 1;
			remoteGlobalIDString = D4EDA8962498840E008BBA93;
			remoteInfo = CalculatorApp;
		};
/* End PBXContainerItemProxy section */

/* Begin PBXFileReference section */
		D4EDA8972498840E008BBA93 /* CalculatorApp.app */ = {isa = PBXFileReference; explicitFileType = wrapper.application; includeInIndex = 0; path = CalculatorApp.app; sourceTree = BUILT_PRODUCTS_DIR; };
		D4EDA89A2498840E008BBA93 /* AppDelegate.swift */ = {isa = PBXFileReference; lastKnownFileType = sourcecode.swift; path = AppDelegate.swift; sourceTree = "<group>"; };
		D4EDA89C2498840E008BBA93 /* SceneDelegate.swift */ = {isa = PBXFileReference; lastKnownFileType = sourcecode.swift; path = SceneDelegate.swift; sourceTree = "<group>"; };
		D4EDA89E2498840E008BBA93 /* ViewController.swift */ = {isa = PBXFileReference; lastKnownFileType = sourcecode.swift; path = ViewController.swift; sourceTree = "<group>"; };
		D4EDA8A12498840E008BBA93 /* Base */ = {isa = PBXFileReference; lastKnownFileType = file.storyboard; name = Base; path = Base.lproj/Main.storyboard; sourceTree = "<group>"; };
		D4EDA8A324988410008BBA93 /* Assets.xcassets */ = {isa = PBXFileReference; lastKnownFileType = folder.assetcatalog; path = Assets.xcassets; sourceTree = "<group>"; };
		D4EDA8A624988410008BBA93 /* Base */ = {isa = PBXFileReference; lastKnownFileType = file.storyboard; name = Base; path = Base.lproj/LaunchScreen.storyboard; sourceTree = "<group>"; };
		D4EDA8A824988410008BBA93 /* Info.plist */ = {isa = PBXFileReference; lastKnownFileType = text.plist.xml; path = Info.plist; sourceTree = "<group>"; };
		D4EDA8AD24988410008BBA93 /* CalculatorAppTests.xctest */ = {isa = PBXFileReference; explicitFileType = wrapper.cfbundle; includeInIndex = 0; path = CalculatorAppTests.xctest; sourceTree = BUILT_PRODUCTS_DIR; };
		D4EDA8B124988410008BBA93 /* CalculatorAppTests.swift */ = {isa = PBXFileReference; lastKnownFileType = sourcecode.swift; path = CalculatorAppTests.swift; sourceTree = "<group>"; };
		D4EDA8B324988410008BBA93 /* Info.plist */ = {isa = PBXFileReference; lastKnownFileType = text.plist.xml; path = Info.plist; sourceTree = "<group>"; };
		D4EDA8B824988410008BBA93 /* CalculatorAppUITests.xctest */ = {isa = PBXFileReference; explicitFileType = wrapper.cfbundle; includeInIndex = 0; path = CalculatorAppUITests.xctest; sourceTree = BUILT_PRODUCTS_DIR; };
		D4EDA8BC24988410008BBA93 /* CalculatorAppUITests.swift */ = {isa = PBXFileReference; lastKnownFileType = sourcecode.swift; path = CalculatorAppUITests.swift; sourceTree = "<group>"; };
		D4EDA8BE24988410008BBA93 /* Info.plist */ = {isa = PBXFileReference; lastKnownFileType = text.plist.xml; path = Info.plist; sourceTree = "<group>"; };
		D4EDA8CA2498851C008BBA93 /* RoundButton.swift */ = {isa = PBXFileReference; lastKnownFileType = sourcecode.swift; path = RoundButton.swift; sourceTree = "<group>"; };
/* End PBXFileReference section */

/* Begin PBXFrameworksBuildPhase section */
		D4EDA8942498840E008BBA93 /* Frameworks */ = {
			isa = PBXFrameworksBuildPhase;
			buildActionMask = 2147483647;
			files = (
			);
			runOnlyForDeploymentPostprocessing = 0;
		};
		D4EDA8AA24988410008BBA93 /* Frameworks */ = {
			isa = PBXFrameworksBuildPhase;
			buildActionMask = 2147483647;
			files = (
			);
			runOnlyForDeploymentPostprocessing = 0;
		};
		D4EDA8B524988410008BBA93 /* Frameworks */ = {
			isa = PBXFrameworksBuildPhase;
			buildActionMask = 2147483647;
			files = (
			);
			runOnlyForDeploymentPostprocessing = 0;
		};
/* End PBXFrameworksBuildPhase section */

/* Begin PBXGroup section */
		D4EDA88E2498840E008BBA93 = {
			isa = PBXGroup;
			children = (
				D4EDA8992498840E008BBA93 /* CalculatorApp */,
				D4EDA8B024988410008BBA93 /* CalculatorAppTests */,
				D4EDA8BB24988410008BBA93 /* CalculatorAppUITests */,
				D4EDA8982498840E008BBA93 /* Products */,
			);
			sourceTree = "<group>";
		};
		D4EDA8982498840E008BBA93 /* Products */ = {
			isa = PBXGroup;
			children = (
				D4EDA8972498840E008BBA93 /* CalculatorApp.app */,
				D4EDA8AD24988410008BBA93 /* CalculatorAppTests.xctest */,
				D4EDA8B824988410008BBA93 /* CalculatorAppUITests.xctest */,
			);
			name = Products;
			sourceTree = "<group>";
		};
		D4EDA8992498840E008BBA93 /* CalculatorApp */ = {
			isa = PBXGroup;
			children = (
				D4EDA89A2498840E008BBA93 /* AppDelegate.swift */,
				D4EDA89C2498840E008BBA93 /* SceneDelegate.swift */,
				D4EDA89E2498840E008BBA93 /* ViewController.swift */,
				D4EDA8A02498840E008BBA93 /* Main.storyboard */,
				D4EDA8A324988410008BBA93 /* Assets.xcassets */,
				D4EDA8A524988410008BBA93 /* LaunchScreen.storyboard */,
				D4EDA8A824988410008BBA93 /* Info.plist */,
				D4EDA8CA2498851C008BBA93 /* RoundButton.swift */,
			);
			path = CalculatorApp;
			sourceTree = "<group>";
		};
		D4EDA8B024988410008BBA93 /* CalculatorAppTests */ = {
			isa = PBXGroup;
			children = (
				D4EDA8B124988410008BBA93 /* CalculatorAppTests.swift */,
				D4EDA8B324988410008BBA93 /* Info.plist */,
			);
			path = CalculatorAppTests;
			sourceTree = "<group>";
		};
		D4EDA8BB24988410008BBA93 /* CalculatorAppUITests */ = {
			isa = PBXGroup;
			children = (
				D4EDA8BC24988410008BBA93 /* CalculatorAppUITests.swift */,
				D4EDA8BE24988410008BBA93 /* Info.plist */,
			);
			path = CalculatorAppUITests;
			sourceTree = "<group>";
		};
/* End PBXGroup section */

/* Begin PBXNativeTarget section */
		D4EDA8962498840E008BBA93 /* CalculatorApp */ = {
			isa = PBXNativeTarget;
			buildConfigurationList = D4EDA8C124988410008BBA93 /* Build configuration list for PBXNativeTarget "CalculatorApp" */;
			buildPhases = (
				D4EDA8932498840E008BBA93 /* Sources */,
				D4EDA8942498840E008BBA93 /* Frameworks */,
				D4EDA8952498840E008BBA93 /* Resources */,
			);
			buildRules = (
			);
			dependencies = (
			);
			name = CalculatorApp;
			productName = CalculatorApp;
			productReference = D4EDA8972498840E008BBA93 /* CalculatorApp.app */;
			productType = "com.apple.product-type.application";
		};
		D4EDA8AC24988410008BBA93 /* CalculatorAppTests */ = {
			isa = PBXNativeTarget;
			buildConfigurationList = D4EDA8C424988410008BBA93 /* Build configuration list for PBXNativeTarget "CalculatorAppTests" */;
			buildPhases = (
				D4EDA8A924988410008BBA93 /* Sources */,
				D4EDA8AA24988410008BBA93 /* Frameworks */,
				D4EDA8AB24988410008BBA93 /* Resources */,
			);
			buildRules = (
			);
			dependencies = (
				D4EDA8AF24988410008BBA93 /* PBXTargetDependency */,
			);
			name = CalculatorAppTests;
			productName = CalculatorAppTests;
			productReference = D4EDA8AD24988410008BBA93 /* CalculatorAppTests.xctest */;
			productType = "com.apple.product-type.bundle.unit-test";
		};
		D4EDA8B724988410008BBA93 /* CalculatorAppUITests */ = {
			isa = PBXNativeTarget;
			buildConfigurationList = D4EDA8C724988410008BBA93 /* Build configuration list for PBXNativeTarget "CalculatorAppUITests" */;
			buildPhases = (
				D4EDA8B424988410008BBA93 /* Sources */,
				D4EDA8B524988410008BBA93 /* Frameworks */,
				D4EDA8B624988410008BBA93 /* Resources */,
			);
			buildRules = (
			);
			dependencies = (
				D4EDA8BA24988410008BBA93 /* PBXTargetDependency */,
			);
			name = CalculatorAppUITests;
			productName = CalculatorAppUITests;
			productReference = D4EDA8B824988410008BBA93 /* CalculatorAppUITests.xctest */;
			productType = "com.apple.product-type.bundle.ui-testing";
		};
/* End PBXNativeTarget section */

/* Begin PBXProject section */
		D4EDA88F2498840E008BBA93 /* Project object */ = {
			isa = PBXProject;
			attributes = {
				LastSwiftUpdateCheck = 1150;
				LastUpgradeCheck = 1150;
				ORGANIZATIONNAME = "Bhumi Patel";
				TargetAttributes = {
					D4EDA8962498840E008BBA93 = {
						CreatedOnToolsVersion = 11.5;
					};
					D4EDA8AC24988410008BBA93 = {
						CreatedOnToolsVersion = 11.5;
						TestTargetID = D4EDA8962498840E008BBA93;
					};
					D4EDA8B724988410008BBA93 = {
						CreatedOnToolsVersion = 11.5;
						TestTargetID = D4EDA8962498840E008BBA93;
					};
				};
			};
			buildConfigurationList = D4EDA8922498840E008BBA93 /* Build configuration list for PBXProject "CalculatorApp" */;
			compatibilityVersion = "Xcode 9.3";
			developmentRegion = en;
			hasScannedForEncodings = 0;
			knownRegions = (
				en,
				Base,
			);
			mainGroup = D4EDA88E2498840E008BBA93;
			productRefGroup = D4EDA8982498840E008BBA93 /* Products */;
			projectDirPath = "";
			projectRoot = "";
			targets = (
				D4EDA8962498840E008BBA93 /* CalculatorApp */,
				D4EDA8AC24988410008BBA93 /* CalculatorAppTests */,
				D4EDA8B724988410008BBA93 /* CalculatorAppUITests */,
			);
		};
/* End PBXProject section */

/* Begin PBXResourcesBuildPhase section */
		D4EDA8952498840E008BBA93 /* Resources */ = {
			isa = PBXResourcesBuildPhase;
			buildActionMask = 2147483647;
			files = (
				D4EDA8A724988410008BBA93 /* LaunchScreen.storyboard in Resources */,
				D4EDA8A424988410008BBA93 /* Assets.xcassets in Resources */,
				D4EDA8A22498840E008BBA93 /* Main.storyboard in Resources */,
			);
			runOnlyForDeploymentPostprocessing = 0;
		};
		D4EDA8AB24988410008BBA93 /* Resources */ = {
			isa = PBXResourcesBuildPhase;
			buildActionMask = 2147483647;
			files = (
			);
			runOnlyForDeploymentPostprocessing = 0;
		};
		D4EDA8B624988410008BBA93 /* Resources */ = {
			isa = PBXResourcesBuildPhase;
			buildActionMask = 2147483647;
			files = (
			);
			runOnlyForDeploymentPostprocessing = 0;
		};
/* End PBXResourcesBuildPhase section */

/* Begin PBXSourcesBuildPhase section */
		D4EDA8932498840E008BBA93 /* Sources */ = {
			isa = PBXSourcesBuildPhase;
			buildActionMask = 2147483647;
			files = (
				D4EDA8CB2498851C008BBA93 /* RoundButton.swift in Sources */,
				D4EDA89F2498840E008BBA93 /* ViewController.swift in Sources */,
				D4EDA89B2498840E008BBA93 /* AppDelegate.swift in Sources */,
				D4EDA89D2498840E008BBA93 /* SceneDelegate.swift in Sources */,
			);
			runOnlyForDeploymentPostprocessing = 0;
		};
		D4EDA8A924988410008BBA93 /* Sources */ = {
			isa = PBXSourcesBuildPhase;
			buildActionMask = 2147483647;
			files = (
				D4EDA8B224988410008BBA93 /* CalculatorAppTests.swift in Sources */,
			);
			runOnlyForDeploymentPostprocessing = 0;
		};
		D4EDA8B424988410008BBA93 /* Sources */ = {
			isa = PBXSourcesBuildPhase;
			buildActionMask = 2147483647;
			files = (
				D4EDA8BD24988410008BBA93 /* CalculatorAppUITests.swift in Sources */,
			);
			runOnlyForDeploymentPostprocessing = 0;
		};
/* End PBXSourcesBuildPhase section */

/* Begin PBXTargetDependency section */
		D4EDA8AF24988410008BBA93 /* PBXTargetDependency */ = {
			isa = PBXTargetDependency;
			target = D4EDA8962498840E008BBA93 /* CalculatorApp */;
			targetProxy = D4EDA8AE24988410008BBA93 /* PBXContainerItemProxy */;
		};
		D4EDA8BA24988410008BBA93 /* PBXTargetDependency */ = {
			isa = PBXTargetDependency;
			target = D4EDA8962498840E008BBA93 /* CalculatorApp */;
			targetProxy = D4EDA8B924988410008BBA93 /* PBXContainerItemProxy */;
		};
/* End PBXTargetDependency section */

/* Begin PBXVariantGroup section */
		D4EDA8A02498840E008BBA93 /* Main.storyboard */ = {
			isa = PBXVariantGroup;
			children = (
				D4EDA8A12498840E008BBA93 /* Base */,
			);
			name = Main.storyboard;
			sourceTree = "<group>";
		};
		D4EDA8A524988410008BBA93 /* LaunchScreen.storyboard */ = {
			isa = PBXVariantGroup;
			children = (
				D4EDA8A624988410008BBA93 /* Base */,
			);
			name = LaunchScreen.storyboard;
			sourceTree = "<group>";
		};
/* End PBXVariantGroup section */

/* Begin XCBuildConfiguration section */
		D4EDA8BF24988410008BBA93 /* Debug */ = {
			isa = XCBuildConfiguration;
			buildSettings = {
				ALWAYS_SEARCH_USER_PATHS = NO;
				CLANG_ANALYZER_NONNULL = YES;
				CLANG_ANALYZER_NUMBER_OBJECT_CONVERSION = YES_AGGRESSIVE;
				CLANG_CXX_LANGUAGE_STANDARD = "gnu++14";
				CLANG_CXX_LIBRARY = "libc++";
				CLANG_ENABLE_MODULES = YES;
				CLANG_ENABLE_OBJC_ARC = YES;
				CLANG_ENABLE_OBJC_WEAK = YES;
				CLANG_WARN_BLOCK_CAPTURE_AUTORELEASING = YES;
				CLANG_WARN_BOOL_CONVERSION = YES;
				CLANG_WARN_COMMA = YES;
				CLANG_WARN_CONSTANT_CONVERSION = YES;
				CLANG_WARN_DEPRECATED_OBJC_IMPLEMENTATIONS = YES;
				CLANG_WARN_DIRECT_OBJC_ISA_USAGE = YES_ERROR;
				CLANG_WARN_DOCUMENTATION_COMMENTS = YES;
				CLANG_WARN_EMPTY_BODY = YES;
				CLANG_WARN_ENUM_CONVERSION = YES;
				CLANG_WARN_INFINITE_RECURSION = YES;
				CLANG_WARN_INT_CONVERSION = YES;
				CLANG_WARN_NON_LITERAL_NULL_CONVERSION = YES;
				CLANG_WARN_OBJC_IMPLICIT_RETAIN_SELF = YES;
				CLANG_WARN_OBJC_LITERAL_CONVERSION = YES;
				CLANG_WARN_OBJC_ROOT_CLASS = YES_ERROR;
				CLANG_WARN_RANGE_LOOP_ANALYSIS = YES;
				CLANG_WARN_STRICT_PROTOTYPES = YES;
				CLANG_WARN_SUSPICIOUS_MOVE = YES;
				CLANG_WARN_UNGUARDED_AVAILABILITY = YES_AGGRESSIVE;
				CLANG_WARN_UNREACHABLE_CODE = YES;
				CLANG_WARN__DUPLICATE_METHOD_MATCH = YES;
				COPY_PHASE_STRIP = NO;
				DEBUG_INFORMATION_FORMAT = dwarf;
				ENABLE_STRICT_OBJC_MSGSEND = YES;
				ENABLE_TESTABILITY = YES;
				GCC_C_LANGUAGE_STANDARD = gnu11;
				GCC_DYNAMIC_NO_PIC = NO;
				GCC_NO_COMMON_BLOCKS = YES;
				GCC_OPTIMIZATION_LEVEL = 0;
				GCC_PREPROCESSOR_DEFINITIONS = (
					"DEBUG=1",
					"$(inherited)",
				);
				GCC_WARN_64_TO_32_BIT_CONVERSION = YES;
				GCC_WARN_ABOUT_RETURN_TYPE = YES_ERROR;
				GCC_WARN_UNDECLARED_SELECTOR = YES;
				GCC_WARN_UNINITIALIZED_AUTOS = YES_AGGRESSIVE;
				GCC_WARN_UNUSED_FUNCTION = YES;
				GCC_WARN_UNUSED_VARIABLE = YES;
				IPHONEOS_DEPLOYMENT_TARGET = 13.5;
				MTL_ENABLE_DEBUG_INFO = INCLUDE_SOURCE;
				MTL_FAST_MATH = YES;
				ONLY_ACTIVE_ARCH = YES;
				SDKROOT = iphoneos;
				SWIFT_ACTIVE_COMPILATION_CONDITIONS = DEBUG;
				SWIFT_OPTIMIZATION_LEVEL = "-Onone";
			};
			name = Debug;
		};
		D4EDA8C024988410008BBA93 /* Release */ = {
			isa = XCBuildConfiguration;
			buildSettings = {
				ALWAYS_SEARCH_USER_PATHS = NO;
				CLANG_ANALYZER_NONNULL = YES;
				CLANG_ANALYZER_NUMBER_OBJECT_CONVERSION = YES_AGGRESSIVE;
				CLANG_CXX_LANGUAGE_STANDARD = "gnu++14";
				CLANG_CXX_LIBRARY = "libc++";
				CLANG_ENABLE_MODULES = YES;
				CLANG_ENABLE_OBJC_ARC = YES;
				CLANG_ENABLE_OBJC_WEAK = YES;
				CLANG_WARN_BLOCK_CAPTURE_AUTORELEASING = YES;
				CLANG_WARN_BOOL_CONVERSION = YES;
				CLANG_WARN_COMMA = YES;
				CLANG_WARN_CONSTANT_CONVERSION = YES;
				CLANG_WARN_DEPRECATED_OBJC_IMPLEMENTATIONS = YES;
				CLANG_WARN_DIRECT_OBJC_ISA_USAGE = YES_ERROR;
				CLANG_WARN_DOCUMENTATION_COMMENTS = YES;
				CLANG_WARN_EMPTY_BODY = YES;
				CLANG_WARN_ENUM_CONVERSION = YES;
				CLANG_WARN_INFINITE_RECURSION = YES;
				CLANG_WARN_INT_CONVERSION = YES;
				CLANG_WARN_NON_LITERAL_NULL_CONVERSION = YES;
				CLANG_WARN_OBJC_IMPLICIT_RETAIN_SELF = YES;
				CLANG_WARN_OBJC_LITERAL_CONVERSION = YES;
				CLANG_WARN_OBJC_ROOT_CLASS = YES_ERROR;
				CLANG_WARN_RANGE_LOOP_ANALYSIS = YES;
				CLANG_WARN_STRICT_PROTOTYPES = YES;
				CLANG_WARN_SUSPICIOUS_MOVE = YES;
				CLANG_WARN_UNGUARDED_AVAILABILITY = YES_AGGRESSIVE;
				CLANG_WARN_UNREACHABLE_CODE = YES;
				CLANG_WARN__DUPLICATE_METHOD_MATCH = YES;
				COPY_PHASE_STRIP = NO;
				DEBUG_INFORMATION_FORMAT = "dwarf-with-dsym";
				ENABLE_NS_ASSERTIONS = NO;
				ENABLE_STRICT_OBJC_MSGSEND = YES;
				GCC_C_LANGUAGE_STANDARD = gnu11;
				GCC_NO_COMMON_BLOCKS = YES;
				GCC_WARN_64_TO_32_BIT_CONVERSION = YES;
				GCC_WARN_ABOUT_RETURN_TYPE = YES_ERROR;
				GCC_WARN_UNDECLARED_SELECTOR = YES;
				GCC_WARN_UNINITIALIZED_AUTOS = YES_AGGRESSIVE;
				GCC_WARN_UNUSED_FUNCTION = YES;
				GCC_WARN_UNUSED_VARIABLE = YES;
				IPHONEOS_DEPLOYMENT_TARGET = 13.5;
				MTL_ENABLE_DEBUG_INFO = NO;
				MTL_FAST_MATH = YES;
				SDKROOT = iphoneos;
				SWIFT_COMPILATION_MODE = wholemodule;
				SWIFT_OPTIMIZATION_LEVEL = "-O";
				VALIDATE_PRODUCT = YES;
			};
			name = Release;
		};
		D4EDA8C224988410008BBA93 /* Debug */ = {
			isa = XCBuildConfiguration;
			buildSettings = {
				ASSETCATALOG_COMPILER_APPICON_NAME = AppIcon;
				CODE_SIGN_STYLE = Automatic;
				INFOPLIST_FILE = CalculatorApp/Info.plist;
				LD_RUNPATH_SEARCH_PATHS = (
					"$(inherited)",
					"@executable_path/Frameworks",
				);
				PRODUCT_BUNDLE_IDENTIFIER = com.YourCompany.CalculatorApp;
				PRODUCT_NAME = "$(TARGET_NAME)";
				SWIFT_VERSION = 5.0;
				TARGETED_DEVICE_FAMILY = "1,2";
			};
			name = Debug;
		};
		D4EDA8C324988410008BBA93 /* Release */ = {
			isa = XCBuildConfiguration;
			buildSettings = {
				ASSETCATALOG_COMPILER_APPICON_NAME = AppIcon;
				CODE_SIGN_STYLE = Automatic;
				INFOPLIST_FILE = CalculatorApp/Info.plist;
				LD_RUNPATH_SEARCH_PATHS = (
					"$(inherited)",
					"@executable_path/Frameworks",
				);
				PRODUCT_BUNDLE_IDENTIFIER = com.YourCompany.CalculatorApp;
				PRODUCT_NAME = "$(TARGET_NAME)";
				SWIFT_VERSION = 5.0;
				TARGETED_DEVICE_FAMILY = "1,2";
			};
			name = Release;
		};
		D4EDA8C524988410008BBA93 /* Debug */ = {
			isa = XCBuildConfiguration;
			buildSettings = {
				ALWAYS_EMBED_SWIFT_STANDARD_LIBRARIES = YES;
				BUNDLE_LOADER = "$(TEST_HOST)";
				CODE_SIGN_STYLE = Automatic;
				INFOPLIST_FILE = CalculatorAppTests/Info.plist;
				IPHONEOS_DEPLOYMENT_TARGET = 13.5;
				LD_RUNPATH_SEARCH_PATHS = (
					"$(inherited)",
					"@executable_path/Frameworks",
					"@loader_path/Frameworks",
				);
				PRODUCT_BUNDLE_IDENTIFIER = com.YourCompany.CalculatorAppTests;
				PRODUCT_NAME = "$(TARGET_NAME)";
				SWIFT_VERSION = 5.0;
				TARGETED_DEVICE_FAMILY = "1,2";
				TEST_HOST = "$(BUILT_PRODUCTS_DIR)/CalculatorApp.app/CalculatorApp";
			};
			name = Debug;
		};
		D4EDA8C624988410008BBA93 /* Release */ = {
			isa = XCBuildConfiguration;
			buildSettings = {
				ALWAYS_EMBED_SWIFT_STANDARD_LIBRARIES = YES;
				BUNDLE_LOADER = "$(TEST_HOST)";
				CODE_SIGN_STYLE = Automatic;
				INFOPLIST_FILE = CalculatorAppTests/Info.plist;
				IPHONEOS_DEPLOYMENT_TARGET = 13.5;
				LD_RUNPATH_SEARCH_PATHS = (
					"$(inherited)",
					"@executable_path/Frameworks",
					"@loader_path/Frameworks",
				);
				PRODUCT_BUNDLE_IDENTIFIER = com.YourCompany.CalculatorAppTests;
				PRODUCT_NAME = "$(TARGET_NAME)";
				SWIFT_VERSION = 5.0;
				TARGETED_DEVICE_FAMILY = "1,2";
				TEST_HOST = "$(BUILT_PRODUCTS_DIR)/CalculatorApp.app/CalculatorApp";
			};
			name = Release;
		};
		D4EDA8C824988410008BBA93 /* Debug */ = {
			isa = XCBuildConfiguration;
			buildSettings = {
				ALWAYS_EMBED_SWIFT_STANDARD_LIBRARIES = YES;
				CODE_SIGN_STYLE = Automatic;
				INFOPLIST_FILE = CalculatorAppUITests/Info.plist;
				LD_RUNPATH_SEARCH_PATHS = (
					"$(inherited)",
					"@executable_path/Frameworks",
					"@loader_path/Frameworks",
				);
				PRODUCT_BUNDLE_IDENTIFIER = com.YourCompany.CalculatorAppUITests;
				PRODUCT_NAME = "$(TARGET_NAME)";
				SWIFT_VERSION = 5.0;
				TARGETED_DEVICE_FAMILY = "1,2";
				TEST_TARGET_NAME = CalculatorApp;
			};
			name = Debug;
		};
		D4EDA8C924988410008BBA93 /* Release */ = {
			isa = XCBuildConfiguration;
			buildSettings = {
				ALWAYS_EMBED_SWIFT_STANDARD_LIBRARIES = YES;
				CODE_SIGN_STYLE = Automatic;
				INFOPLIST_FILE = CalculatorAppUITests/Info.plist;
				LD_RUNPATH_SEARCH_PATHS = (
					"$(inherited)",
					"@executable_path/Frameworks",
					"@loader_path/Frameworks",
				);
				PRODUCT_BUNDLE_IDENTIFIER = com.YourCompany.CalculatorAppUITests;
				PRODUCT_NAME = "$(TARGET_NAME)";
				SWIFT_VERSION = 5.0;
				TARGETED_DEVICE_FAMILY = "1,2";
				TEST_TARGET_NAME = CalculatorApp;
			};
			name = Release;
		};
/* End XCBuildConfiguration section */

/* Begin XCConfigurationList section */
		D4EDA8922498840E008BBA93 /* Build configuration list for PBXProject "CalculatorApp" */ = {
			isa = XCConfigurationList;
			buildConfigurations = (
				D4EDA8BF24988410008BBA93 /* Debug */,
				D4EDA8C024988410008BBA93 /* Release */,
			);
			defaultConfigurationIsVisible = 0;
			defaultConfigurationName = Release;
		};
		D4EDA8C124988410008BBA93 /* Build configuration list for PBXNativeTarget "CalculatorApp" */ = {
			isa = XCConfigurationList;
			buildConfigurations = (
				D4EDA8C224988410008BBA93 /* Debug */,
				D4EDA8C324988410008BBA93 /* Release */,
			);
			defaultConfigurationIsVisible = 0;
			defaultConfigurationName = Release;
		};
		D4EDA8C424988410008BBA93 /* Build configuration list for PBXNativeTarget "CalculatorAppTests" */ = {
			isa = XCConfigurationList;
			buildConfigurations = (
				D4EDA8C524988410008BBA93 /* Debug */,
				D4EDA8C624988410008BBA93 /* Release */,
			);
			defaultConfigurationIsVisible = 0;
			defaultConfigurationName = Release;
		};
		D4EDA8C724988410008BBA93 /* Build configuration list for PBXNativeTarget "CalculatorAppUITests" */ = {
			isa = XCConfigurationList;
			buildConfigurations = (
				D4EDA8C824988410008BBA93 /* Debug */,
				D4EDA8C924988410008BBA93 /* Release */,
			);
			defaultConfigurationIsVisible = 0;
			defaultConfigurationName = Release;
		};
/* End XCConfigurationList section */
	};
	rootObject = D4EDA88F2498840E008BBA93 /* Project object */;
}
